
Microsoft Visual Studio Solution File, Format Version 12.00
# Visual Studio Version 17
VisualStudioVersion = 17.6.33723.286
MinimumVisualStudioVersion = 10.0.40219.1
Project("{9A19103F-16F7-4668-BE54-9A1E7A4F7556}") = "CarbonITExam", "CarbonITExam\CarbonITExam.csproj", "{C09DAD48-B696-4EE2-B013-9699EB1D523C}"
EndProject
Project("{FAE04EC0-301F-11D3-BF4B-00C04F79EFBC}") = "CarbonITExam.Tests", "CarbonITExam.Tests\CarbonITExam.Tests.csproj", "{1DF95338-AB28-4379-90BE-B5C007E7990E}"
EndProject
Global
	GlobalSection(SolutionConfigurationPlatforms) = preSolution
		Debug|Any CPU = Debug|Any CPU
		Release|Any CPU = Release|Any CPU
	EndGlobalSection
	GlobalSection(ProjectConfigurationPlatforms) = postSolution
		{C09DAD48-B696-4EE2-B013-9699EB1D523C}.Debug|Any CPU.ActiveCfg = Debug|Any CPU
		{C09DAD48-B696-4EE2-B013-9699EB1D523C}.Debug|Any CPU.Build.0 = Debug|Any CPU
		{C09DAD48-B696-4EE2-B013-9699EB1D523C}.Release|Any CPU.ActiveCfg = Release|Any CPU
		{C09DAD48-B696-4EE2-B013-9699EB1D523C}.Release|Any CPU.Build.0 = Release|Any CPU
		{1DF95338-AB28-4379-90BE-B5C007E7990E}.Debug|Any CPU.ActiveCfg = Debug|Any CPU
		{1DF95338-AB28-4379-90BE-B5C007E7990E}.Debug|Any CPU.Build.0 = Debug|Any CPU
		{1DF95338-AB28-4379-90BE-B5C007E7990E}.Release|Any CPU.ActiveCfg = Release|Any CPU
		{1DF95338-AB28-4379-90BE-B5C007E7990E}.Release|Any CPU.Build.0 = Release|Any CPU
	EndGlobalSection
	GlobalSection(SolutionProperties) = preSolution
		HideSolutionNode = FALSE
	EndGlobalSection
	GlobalSection(ExtensibilityGlobals) = postSolution
		SolutionGuid = {CB9DB49A-74CA-45C5-95CF-BB2B462F3153}
	EndGlobalSection
EndGlobal
